// !$*UTF8*$!
{
	archiveVersion = 1;
	classes = {
	};
	objectVersion = 46;
	objects = {

/* Begin PBXBuildFile section */
		4B080CA41A6A172700CE1CB7 /* TruckListTableViewController.m in Sources */ = {isa = PBXBuildFile; fileRef = 4B080CA31A6A172700CE1CB7 /* TruckListTableViewController.m */; };
		4B080CA71A6A2C0700CE1CB7 /* TruckDetailTableViewController.m in Sources */ = {isa = PBXBuildFile; fileRef = 4B080CA61A6A2C0700CE1CB7 /* TruckDetailTableViewController.m */; };
		4B0AA93D1A6B5E8D000E49DF /* TrackingMapViewController.m in Sources */ = {isa = PBXBuildFile; fileRef = 4B0AA93C1A6B5E8D000E49DF /* TrackingMapViewController.m */; };
		4B0AA9431A6B790A000E49DF /* PickupViewController.m in Sources */ = {isa = PBXBuildFile; fileRef = 4B0AA9421A6B790A000E49DF /* PickupViewController.m */; };
		4B5C8A5E1A69EC100020E5B5 /* main.m in Sources */ = {isa = PBXBuildFile; fileRef = 4B5C8A5D1A69EC100020E5B5 /* main.m */; };
		4B5C8A611A69EC100020E5B5 /* AppDelegate.m in Sources */ = {isa = PBXBuildFile; fileRef = 4B5C8A601A69EC100020E5B5 /* AppDelegate.m */; };
		4B5C8A641A69EC100020E5B5 /* ViewController.m in Sources */ = {isa = PBXBuildFile; fileRef = 4B5C8A631A69EC100020E5B5 /* ViewController.m */; };
		4B5C8A671A69EC100020E5B5 /* Main.storyboard in Resources */ = {isa = PBXBuildFile; fileRef = 4B5C8A651A69EC100020E5B5 /* Main.storyboard */; };
		4B5C8A691A69EC100020E5B5 /* Images.xcassets in Resources */ = {isa = PBXBuildFile; fileRef = 4B5C8A681A69EC100020E5B5 /* Images.xcassets */; };
		4B5C8A6C1A69EC100020E5B5 /* LaunchScreen.xib in Resources */ = {isa = PBXBuildFile; fileRef = 4B5C8A6A1A69EC100020E5B5 /* LaunchScreen.xib */; };
		4B5C8A781A69EC100020E5B5 /* FoodTruckCentralTests.m in Sources */ = {isa = PBXBuildFile; fileRef = 4B5C8A771A69EC100020E5B5 /* FoodTruckCentralTests.m */; };
		4B5C8A831A69ED340020E5B5 /* MainMapViewController.m in Sources */ = {isa = PBXBuildFile; fileRef = 4B5C8A821A69ED340020E5B5 /* MainMapViewController.m */; };
		4B5C8A861A69EDB80020E5B5 /* FoodTruckData.m in Sources */ = {isa = PBXBuildFile; fileRef = 4B5C8A851A69EDB80020E5B5 /* FoodTruckData.m */; };
		4B5C8A881A69F28C0020E5B5 /* MapKit.framework in Frameworks */ = {isa = PBXBuildFile; fileRef = 4B5C8A871A69F28C0020E5B5 /* MapKit.framework */; };
		4B5C8A8D1A6A03630020E5B5 /* CoreLocation.framework in Frameworks */ = {isa = PBXBuildFile; fileRef = 4B5C8A8C1A6A03630020E5B5 /* CoreLocation.framework */; };
		69C5B5CB1A6B03B100C34DB7 /* CartTableViewController.m in Sources */ = {isa = PBXBuildFile; fileRef = 69C5B5CA1A6B03B100C34DB7 /* CartTableViewController.m */; };
		69C5B5CE1A6B314B00C34DB7 /* PostmatesCheckoutViewController.m in Sources */ = {isa = PBXBuildFile; fileRef = 69C5B5CD1A6B314B00C34DB7 /* PostmatesCheckoutViewController.m */; };
		69D9950F1A6A528100B830CE /* RetrieveFoodTrucks.m in Sources */ = {isa = PBXBuildFile; fileRef = 69D9950E1A6A528100B830CE /* RetrieveFoodTrucks.m */; };
		B7F7A85A4C695E0BC0F8FAC1 /* libPods.a in Frameworks */ = {isa = PBXBuildFile; fileRef = 7828C28D028CF23CBA432F3B /* libPods.a */; };
/* End PBXBuildFile section */

/* Begin PBXContainerItemProxy section */
		4B5C8A721A69EC100020E5B5 /* PBXContainerItemProxy */ = {
			isa = PBXContainerItemProxy;
			containerPortal = 4B5C8A501A69EC100020E5B5 /* Project object */;
			proxyType = 1;
			remoteGlobalIDString = 4B5C8A571A69EC100020E5B5;
			remoteInfo = FoodTruckCentral;
		};
/* End PBXContainerItemProxy section */

/* Begin PBXFileReference section */
		4B080CA21A6A172700CE1CB7 /* TruckListTableViewController.h */ = {isa = PBXFileReference; fileEncoding = 4; lastKnownFileType = sourcecode.c.h; path = TruckListTableViewController.h; sourceTree = "<group>"; };
		4B080CA31A6A172700CE1CB7 /* TruckListTableViewController.m */ = {isa = PBXFileReference; fileEncoding = 4; lastKnownFileType = sourcecode.c.objc; path = TruckListTableViewController.m; sourceTree = "<group>"; };
		4B080CA51A6A2C0700CE1CB7 /* TruckDetailTableViewController.h */ = {isa = PBXFileReference; fileEncoding = 4; lastKnownFileType = sourcecode.c.h; path = TruckDetailTableViewController.h; sourceTree = "<group>"; };
		4B080CA61A6A2C0700CE1CB7 /* TruckDetailTableViewController.m */ = {isa = PBXFileReference; fileEncoding = 4; lastKnownFileType = sourcecode.c.objc; path = TruckDetailTableViewController.m; sourceTree = "<group>"; };
		4B0AA93B1A6B5E8D000E49DF /* TrackingMapViewController.h */ = {isa = PBXFileReference; fileEncoding = 4; lastKnownFileType = sourcecode.c.h; path = TrackingMapViewController.h; sourceTree = "<group>"; };
		4B0AA93C1A6B5E8D000E49DF /* TrackingMapViewController.m */ = {isa = PBXFileReference; fileEncoding = 4; lastKnownFileType = sourcecode.c.objc; path = TrackingMapViewController.m; sourceTree = "<group>"; };
		4B0AA9411A6B790A000E49DF /* PickupViewController.h */ = {isa = PBXFileReference; fileEncoding = 4; lastKnownFileType = sourcecode.c.h; path = PickupViewController.h; sourceTree = "<group>"; };
		4B0AA9421A6B790A000E49DF /* PickupViewController.m */ = {isa = PBXFileReference; fileEncoding = 4; lastKnownFileType = sourcecode.c.objc; path = PickupViewController.m; sourceTree = "<group>"; };
		4B5C8A581A69EC100020E5B5 /* FoodTruckCentral.app */ = {isa = PBXFileReference; explicitFileType = wrapper.application; includeInIndex = 0; path = FoodTruckCentral.app; sourceTree = BUILT_PRODUCTS_DIR; };
		4B5C8A5C1A69EC100020E5B5 /* Info.plist */ = {isa = PBXFileReference; lastKnownFileType = text.plist.xml; path = Info.plist; sourceTree = "<group>"; };
		4B5C8A5D1A69EC100020E5B5 /* main.m */ = {isa = PBXFileReference; lastKnownFileType = sourcecode.c.objc; path = main.m; sourceTree = "<group>"; };
		4B5C8A5F1A69EC100020E5B5 /* AppDelegate.h */ = {isa = PBXFileReference; lastKnownFileType = sourcecode.c.h; path = AppDelegate.h; sourceTree = "<group>"; };
		4B5C8A601A69EC100020E5B5 /* AppDelegate.m */ = {isa = PBXFileReference; lastKnownFileType = sourcecode.c.objc; path = AppDelegate.m; sourceTree = "<group>"; };
		4B5C8A621A69EC100020E5B5 /* ViewController.h */ = {isa = PBXFileReference; lastKnownFileType = sourcecode.c.h; path = ViewController.h; sourceTree = "<group>"; };
		4B5C8A631A69EC100020E5B5 /* ViewController.m */ = {isa = PBXFileReference; lastKnownFileType = sourcecode.c.objc; path = ViewController.m; sourceTree = "<group>"; };
		4B5C8A661A69EC100020E5B5 /* Base */ = {isa = PBXFileReference; lastKnownFileType = file.storyboard; name = Base; path = Base.lproj/Main.storyboard; sourceTree = "<group>"; };
		4B5C8A681A69EC100020E5B5 /* Images.xcassets */ = {isa = PBXFileReference; lastKnownFileType = folder.assetcatalog; path = Images.xcassets; sourceTree = "<group>"; };
		4B5C8A6B1A69EC100020E5B5 /* Base */ = {isa = PBXFileReference; lastKnownFileType = file.xib; name = Base; path = Base.lproj/LaunchScreen.xib; sourceTree = "<group>"; };
		4B5C8A711A69EC100020E5B5 /* FoodTruckCentralTests.xctest */ = {isa = PBXFileReference; explicitFileType = wrapper.cfbundle; includeInIndex = 0; path = FoodTruckCentralTests.xctest; sourceTree = BUILT_PRODUCTS_DIR; };
		4B5C8A761A69EC100020E5B5 /* Info.plist */ = {isa = PBXFileReference; lastKnownFileType = text.plist.xml; path = Info.plist; sourceTree = "<group>"; };
		4B5C8A771A69EC100020E5B5 /* FoodTruckCentralTests.m */ = {isa = PBXFileReference; lastKnownFileType = sourcecode.c.objc; path = FoodTruckCentralTests.m; sourceTree = "<group>"; };
		4B5C8A811A69ED340020E5B5 /* MainMapViewController.h */ = {isa = PBXFileReference; fileEncoding = 4; lastKnownFileType = sourcecode.c.h; path = MainMapViewController.h; sourceTree = "<group>"; };
		4B5C8A821A69ED340020E5B5 /* MainMapViewController.m */ = {isa = PBXFileReference; fileEncoding = 4; lastKnownFileType = sourcecode.c.objc; path = MainMapViewController.m; sourceTree = "<group>"; };
		4B5C8A841A69EDB80020E5B5 /* FoodTruckData.h */ = {isa = PBXFileReference; fileEncoding = 4; lastKnownFileType = sourcecode.c.h; path = FoodTruckData.h; sourceTree = "<group>"; };
		4B5C8A851A69EDB80020E5B5 /* FoodTruckData.m */ = {isa = PBXFileReference; fileEncoding = 4; lastKnownFileType = sourcecode.c.objc; path = FoodTruckData.m; sourceTree = "<group>"; };
		4B5C8A871A69F28C0020E5B5 /* MapKit.framework */ = {isa = PBXFileReference; lastKnownFileType = wrapper.framework; name = MapKit.framework; path = System/Library/Frameworks/MapKit.framework; sourceTree = SDKROOT; };
		4B5C8A8C1A6A03630020E5B5 /* CoreLocation.framework */ = {isa = PBXFileReference; lastKnownFileType = wrapper.framework; name = CoreLocation.framework; path = System/Library/Frameworks/CoreLocation.framework; sourceTree = SDKROOT; };
		6305D99B7DAC97D4A131A47E /* Pods.release.xcconfig */ = {isa = PBXFileReference; includeInIndex = 1; lastKnownFileType = text.xcconfig; name = Pods.release.xcconfig; path = "Pods/Target Support Files/Pods/Pods.release.xcconfig"; sourceTree = "<group>"; };
		69C5B5C91A6B03B100C34DB7 /* CartTableViewController.h */ = {isa = PBXFileReference; fileEncoding = 4; lastKnownFileType = sourcecode.c.h; path = CartTableViewController.h; sourceTree = "<group>"; };
		69C5B5CA1A6B03B100C34DB7 /* CartTableViewController.m */ = {isa = PBXFileReference; fileEncoding = 4; lastKnownFileType = sourcecode.c.objc; path = CartTableViewController.m; sourceTree = "<group>"; };
		69C5B5CC1A6B314B00C34DB7 /* PostmatesCheckoutViewController.h */ = {isa = PBXFileReference; fileEncoding = 4; lastKnownFileType = sourcecode.c.h; path = PostmatesCheckoutViewController.h; sourceTree = "<group>"; };
		69C5B5CD1A6B314B00C34DB7 /* PostmatesCheckoutViewController.m */ = {isa = PBXFileReference; fileEncoding = 4; lastKnownFileType = sourcecode.c.objc; path = PostmatesCheckoutViewController.m; sourceTree = "<group>"; };
		69D9950D1A6A528100B830CE /* RetrieveFoodTrucks.h */ = {isa = PBXFileReference; fileEncoding = 4; lastKnownFileType = sourcecode.c.h; path = RetrieveFoodTrucks.h; sourceTree = "<group>"; };
		69D9950E1A6A528100B830CE /* RetrieveFoodTrucks.m */ = {isa = PBXFileReference; fileEncoding = 4; lastKnownFileType = sourcecode.c.objc; path = RetrieveFoodTrucks.m; sourceTree = "<group>"; };
		7828C28D028CF23CBA432F3B /* libPods.a */ = {isa = PBXFileReference; explicitFileType = archive.ar; includeInIndex = 0; path = libPods.a; sourceTree = BUILT_PRODUCTS_DIR; };
		85E023B036945CA9F3CF3CFD /* Pods.debug.xcconfig */ = {isa = PBXFileReference; includeInIndex = 1; lastKnownFileType = text.xcconfig; name = Pods.debug.xcconfig; path = "Pods/Target Support Files/Pods/Pods.debug.xcconfig"; sourceTree = "<group>"; };
/* End PBXFileReference section */

/* Begin PBXFrameworksBuildPhase section */
		4B5C8A551A69EC100020E5B5 /* Frameworks */ = {
			isa = PBXFrameworksBuildPhase;
			buildActionMask = 2147483647;
			files = (
				4B5C8A8D1A6A03630020E5B5 /* CoreLocation.framework in Frameworks */,
				4B5C8A881A69F28C0020E5B5 /* MapKit.framework in Frameworks */,
				B7F7A85A4C695E0BC0F8FAC1 /* libPods.a in Frameworks */,
			);
			runOnlyForDeploymentPostprocessing = 0;
		};
		4B5C8A6E1A69EC100020E5B5 /* Frameworks */ = {
			isa = PBXFrameworksBuildPhase;
			buildActionMask = 2147483647;
			files = (
			);
			runOnlyForDeploymentPostprocessing = 0;
		};
/* End PBXFrameworksBuildPhase section */

/* Begin PBXGroup section */
		143592F85F8C1ACB1D2D9648 /* Pods */ = {
			isa = PBXGroup;
			children = (
				85E023B036945CA9F3CF3CFD /* Pods.debug.xcconfig */,
				6305D99B7DAC97D4A131A47E /* Pods.release.xcconfig */,
			);
			name = Pods;
			sourceTree = "<group>";
		};
		4B0AA93E1A6B5EA2000E49DF /* Data Classes */ = {
			isa = PBXGroup;
			children = (
				4B5C8A841A69EDB80020E5B5 /* FoodTruckData.h */,
				4B5C8A851A69EDB80020E5B5 /* FoodTruckData.m */,
				69D9950D1A6A528100B830CE /* RetrieveFoodTrucks.h */,
				69D9950E1A6A528100B830CE /* RetrieveFoodTrucks.m */,
			);
			name = "Data Classes";
			sourceTree = "<group>";
		};
		4B0AA93F1A6B5ECB000E49DF /* Truck View Controllers */ = {
			isa = PBXGroup;
			children = (
				4B5C8A811A69ED340020E5B5 /* MainMapViewController.h */,
				4B5C8A821A69ED340020E5B5 /* MainMapViewController.m */,
				4B080CA21A6A172700CE1CB7 /* TruckListTableViewController.h */,
				4B080CA31A6A172700CE1CB7 /* TruckListTableViewController.m */,
				4B080CA51A6A2C0700CE1CB7 /* TruckDetailTableViewController.h */,
				4B080CA61A6A2C0700CE1CB7 /* TruckDetailTableViewController.m */,
			);
			name = "Truck View Controllers";
			sourceTree = "<group>";
		};
		4B0AA9401A6B5EDF000E49DF /* Checkout View Controllers */ = {
			isa = PBXGroup;
			children = (
				69C5B5C91A6B03B100C34DB7 /* CartTableViewController.h */,
				69C5B5CA1A6B03B100C34DB7 /* CartTableViewController.m */,
				4B0AA9411A6B790A000E49DF /* PickupViewController.h */,
				4B0AA9421A6B790A000E49DF /* PickupViewController.m */,
				69C5B5CC1A6B314B00C34DB7 /* PostmatesCheckoutViewController.h */,
				69C5B5CD1A6B314B00C34DB7 /* PostmatesCheckoutViewController.m */,
				4B0AA93B1A6B5E8D000E49DF /* TrackingMapViewController.h */,
				4B0AA93C1A6B5E8D000E49DF /* TrackingMapViewController.m */,
			);
			name = "Checkout View Controllers";
			sourceTree = "<group>";
		};
		4B5C8A4F1A69EC100020E5B5 = {
			isa = PBXGroup;
			children = (
				4B5C8A8C1A6A03630020E5B5 /* CoreLocation.framework */,
				4B5C8A871A69F28C0020E5B5 /* MapKit.framework */,
				4B5C8A5A1A69EC100020E5B5 /* FoodTruckCentral */,
				4B5C8A741A69EC100020E5B5 /* FoodTruckCentralTests */,
				4B5C8A591A69EC100020E5B5 /* Products */,
				143592F85F8C1ACB1D2D9648 /* Pods */,
				F1B90111DC2262C69FFE77B1 /* Frameworks */,
			);
			sourceTree = "<group>";
		};
		4B5C8A591A69EC100020E5B5 /* Products */ = {
			isa = PBXGroup;
			children = (
				4B5C8A581A69EC100020E5B5 /* FoodTruckCentral.app */,
				4B5C8A711A69EC100020E5B5 /* FoodTruckCentralTests.xctest */,
			);
			name = Products;
			sourceTree = "<group>";
		};
		4B5C8A5A1A69EC100020E5B5 /* FoodTruckCentral */ = {
			isa = PBXGroup;
			children = (
				4B5C8A5F1A69EC100020E5B5 /* AppDelegate.h */,
				4B5C8A601A69EC100020E5B5 /* AppDelegate.m */,
				4B5C8A621A69EC100020E5B5 /* ViewController.h */,
				4B5C8A631A69EC100020E5B5 /* ViewController.m */,
				4B0AA93E1A6B5EA2000E49DF /* Data Classes */,
				4B0AA93F1A6B5ECB000E49DF /* Truck View Controllers */,
				4B0AA9401A6B5EDF000E49DF /* Checkout View Controllers */,
				4B5C8A681A69EC100020E5B5 /* Images.xcassets */,
				4B5C8A651A69EC100020E5B5 /* Main.storyboard */,
				4B5C8A6A1A69EC100020E5B5 /* LaunchScreen.xib */,
				4B5C8A5B1A69EC100020E5B5 /* Supporting Files */,
			);
			path = FoodTruckCentral;
			sourceTree = "<group>";
		};
		4B5C8A5B1A69EC100020E5B5 /* Supporting Files */ = {
			isa = PBXGroup;
			children = (
				4B5C8A5C1A69EC100020E5B5 /* Info.plist */,
				4B5C8A5D1A69EC100020E5B5 /* main.m */,
			);
			name = "Supporting Files";
			sourceTree = "<group>";
		};
		4B5C8A741A69EC100020E5B5 /* FoodTruckCentralTests */ = {
			isa = PBXGroup;
			children = (
				4B5C8A771A69EC100020E5B5 /* FoodTruckCentralTests.m */,
				4B5C8A751A69EC100020E5B5 /* Supporting Files */,
			);
			path = FoodTruckCentralTests;
			sourceTree = "<group>";
		};
		4B5C8A751A69EC100020E5B5 /* Supporting Files */ = {
			isa = PBXGroup;
			children = (
				4B5C8A761A69EC100020E5B5 /* Info.plist */,
			);
			name = "Supporting Files";
			sourceTree = "<group>";
		};
		F1B90111DC2262C69FFE77B1 /* Frameworks */ = {
			isa = PBXGroup;
			children = (
				7828C28D028CF23CBA432F3B /* libPods.a */,
			);
			name = Frameworks;
			sourceTree = "<group>";
		};
/* End PBXGroup section */

/* Begin PBXNativeTarget section */
		4B5C8A571A69EC100020E5B5 /* FoodTruckCentral */ = {
			isa = PBXNativeTarget;
			buildConfigurationList = 4B5C8A7B1A69EC100020E5B5 /* Build configuration list for PBXNativeTarget "FoodTruckCentral" */;
			buildPhases = (
				3F7FD9EF3DAD78C4B0B22FF0 /* Check Pods Manifest.lock */,
				4B5C8A541A69EC100020E5B5 /* Sources */,
				4B5C8A551A69EC100020E5B5 /* Frameworks */,
				4B5C8A561A69EC100020E5B5 /* Resources */,
				E7D832B8DE4A485EF7B42B9A /* Copy Pods Resources */,
			);
			buildRules = (
			);
			dependencies = (
			);
			name = FoodTruckCentral;
			productName = FoodTruckCentral;
			productReference = 4B5C8A581A69EC100020E5B5 /* FoodTruckCentral.app */;
			productType = "com.apple.product-type.application";
		};
		4B5C8A701A69EC100020E5B5 /* FoodTruckCentralTests */ = {
			isa = PBXNativeTarget;
			buildConfigurationList = 4B5C8A7E1A69EC100020E5B5 /* Build configuration list for PBXNativeTarget "FoodTruckCentralTests" */;
			buildPhases = (
				4B5C8A6D1A69EC100020E5B5 /* Sources */,
				4B5C8A6E1A69EC100020E5B5 /* Frameworks */,
				4B5C8A6F1A69EC100020E5B5 /* Resources */,
			);
			buildRules = (
			);
			dependencies = (
				4B5C8A731A69EC100020E5B5 /* PBXTargetDependency */,
			);
			name = FoodTruckCentralTests;
			productName = FoodTruckCentralTests;
			productReference = 4B5C8A711A69EC100020E5B5 /* FoodTruckCentralTests.xctest */;
			productType = "com.apple.product-type.bundle.unit-test";
		};
/* End PBXNativeTarget section */

/* Begin PBXProject section */
		4B5C8A501A69EC100020E5B5 /* Project object */ = {
			isa = PBXProject;
			attributes = {
				LastUpgradeCheck = 0610;
				ORGANIZATIONNAME = JAAA;
				TargetAttributes = {
					4B5C8A571A69EC100020E5B5 = {
						CreatedOnToolsVersion = 6.1;
						DevelopmentTeam = 2S3D8J8M3T;
					};
					4B5C8A701A69EC100020E5B5 = {
						CreatedOnToolsVersion = 6.1;
						TestTargetID = 4B5C8A571A69EC100020E5B5;
					};
				};
			};
			buildConfigurationList = 4B5C8A531A69EC100020E5B5 /* Build configuration list for PBXProject "FoodTruckCentral" */;
			compatibilityVersion = "Xcode 3.2";
			developmentRegion = English;
			hasScannedForEncodings = 0;
			knownRegions = (
				en,
				Base,
			);
			mainGroup = 4B5C8A4F1A69EC100020E5B5;
			productRefGroup = 4B5C8A591A69EC100020E5B5 /* Products */;
			projectDirPath = "";
			projectRoot = "";
			targets = (
				4B5C8A571A69EC100020E5B5 /* FoodTruckCentral */,
				4B5C8A701A69EC100020E5B5 /* FoodTruckCentralTests */,
			);
		};
/* End PBXProject section */

/* Begin PBXResourcesBuildPhase section */
		4B5C8A561A69EC100020E5B5 /* Resources */ = {
			isa = PBXResourcesBuildPhase;
			buildActionMask = 2147483647;
			files = (
				4B5C8A671A69EC100020E5B5 /* Main.storyboard in Resources */,
				4B5C8A6C1A69EC100020E5B5 /* LaunchScreen.xib in Resources */,
				4B5C8A691A69EC100020E5B5 /* Images.xcassets in Resources */,
			);
			runOnlyForDeploymentPostprocessing = 0;
		};
		4B5C8A6F1A69EC100020E5B5 /* Resources */ = {
			isa = PBXResourcesBuildPhase;
			buildActionMask = 2147483647;
			files = (
			);
			runOnlyForDeploymentPostprocessing = 0;
		};
/* End PBXResourcesBuildPhase section */

/* Begin PBXShellScriptBuildPhase section */
		3F7FD9EF3DAD78C4B0B22FF0 /* Check Pods Manifest.lock */ = {
			isa = PBXShellScriptBuildPhase;
			buildActionMask = 2147483647;
			files = (
			);
			inputPaths = (
			);
			name = "Check Pods Manifest.lock";
			outputPaths = (
			);
			runOnlyForDeploymentPostprocessing = 0;
			shellPath = /bin/sh;
			shellScript = "diff \"${PODS_ROOT}/../Podfile.lock\" \"${PODS_ROOT}/Manifest.lock\" > /dev/null\nif [[ $? != 0 ]] ; then\n    cat << EOM\nerror: The sandbox is not in sync with the Podfile.lock. Run 'pod install' or update your CocoaPods installation.\nEOM\n    exit 1\nfi\n";
			showEnvVarsInLog = 0;
		};
		E7D832B8DE4A485EF7B42B9A /* Copy Pods Resources */ = {
			isa = PBXShellScriptBuildPhase;
			buildActionMask = 2147483647;
			files = (
			);
			inputPaths = (
			);
			name = "Copy Pods Resources";
			outputPaths = (
			);
			runOnlyForDeploymentPostprocessing = 0;
			shellPath = /bin/sh;
			shellScript = "\"${SRCROOT}/Pods/Target Support Files/Pods/Pods-resources.sh\"\n";
			showEnvVarsInLog = 0;
		};
/* End PBXShellScriptBuildPhase section */

/* Begin PBXSourcesBuildPhase section */
		4B5C8A541A69EC100020E5B5 /* Sources */ = {
			isa = PBXSourcesBuildPhase;
			buildActionMask = 2147483647;
			files = (
				4B0AA9431A6B790A000E49DF /* PickupViewController.m in Sources */,
				4B5C8A861A69EDB80020E5B5 /* FoodTruckData.m in Sources */,
				4B080CA41A6A172700CE1CB7 /* TruckListTableViewController.m in Sources */,
				4B5C8A831A69ED340020E5B5 /* MainMapViewController.m in Sources */,
				4B5C8A641A69EC100020E5B5 /* ViewController.m in Sources */,
				4B080CA71A6A2C0700CE1CB7 /* TruckDetailTableViewController.m in Sources */,
				4B5C8A611A69EC100020E5B5 /* AppDelegate.m in Sources */,
				4B0AA93D1A6B5E8D000E49DF /* TrackingMapViewController.m in Sources */,
				4B5C8A5E1A69EC100020E5B5 /* main.m in Sources */,
				69D9950F1A6A528100B830CE /* RetrieveFoodTrucks.m in Sources */,
				69C5B5CB1A6B03B100C34DB7 /* CartTableViewController.m in Sources */,
				69C5B5CE1A6B314B00C34DB7 /* PostmatesCheckoutViewController.m in Sources */,
			);
			runOnlyForDeploymentPostprocessing = 0;
		};
		4B5C8A6D1A69EC100020E5B5 /* Sources */ = {
			isa = PBXSourcesBuildPhase;
			buildActionMask = 2147483647;
			files = (
				4B5C8A781A69EC100020E5B5 /* FoodTruckCentralTests.m in Sources */,
			);
			runOnlyForDeploymentPostprocessing = 0;
		};
/* End PBXSourcesBuildPhase section */

/* Begin PBXTargetDependency section */
		4B5C8A731A69EC100020E5B5 /* PBXTargetDependency */ = {
			isa = PBXTargetDependency;
			target = 4B5C8A571A69EC100020E5B5 /* FoodTruckCentral */;
			targetProxy = 4B5C8A721A69EC100020E5B5 /* PBXContainerItemProxy */;
		};
/* End PBXTargetDependency section */

/* Begin PBXVariantGroup section */
		4B5C8A651A69EC100020E5B5 /* Main.storyboard */ = {
			isa = PBXVariantGroup;
			children = (
				4B5C8A661A69EC100020E5B5 /* Base */,
			);
			name = Main.storyboard;
			sourceTree = "<group>";
		};
		4B5C8A6A1A69EC100020E5B5 /* LaunchScreen.xib */ = {
			isa = PBXVariantGroup;
			children = (
				4B5C8A6B1A69EC100020E5B5 /* Base */,
			);
			name = LaunchScreen.xib;
			sourceTree = "<group>";
		};
/* End PBXVariantGroup section */

/* Begin XCBuildConfiguration section */
		4B5C8A791A69EC100020E5B5 /* Debug */ = {
			isa = XCBuildConfiguration;
			buildSettings = {
				ALWAYS_SEARCH_USER_PATHS = NO;
				CLANG_CXX_LANGUAGE_STANDARD = "gnu++0x";
				CLANG_CXX_LIBRARY = "libc++";
				CLANG_ENABLE_MODULES = YES;
				CLANG_ENABLE_OBJC_ARC = YES;
				CLANG_WARN_BOOL_CONVERSION = YES;
				CLANG_WARN_CONSTANT_CONVERSION = YES;
				CLANG_WARN_DIRECT_OBJC_ISA_USAGE = YES_ERROR;
				CLANG_WARN_EMPTY_BODY = YES;
				CLANG_WARN_ENUM_CONVERSION = YES;
				CLANG_WARN_INT_CONVERSION = YES;
				CLANG_WARN_OBJC_ROOT_CLASS = YES_ERROR;
				CLANG_WARN_UNREACHABLE_CODE = YES;
				CLANG_WARN__DUPLICATE_METHOD_MATCH = YES;
				"CODE_SIGN_IDENTITY[sdk=iphoneos*]" = "iPhone Developer";
				COPY_PHASE_STRIP = NO;
				ENABLE_STRICT_OBJC_MSGSEND = YES;
				GCC_C_LANGUAGE_STANDARD = gnu99;
				GCC_DYNAMIC_NO_PIC = NO;
				GCC_OPTIMIZATION_LEVEL = 0;
				GCC_PREPROCESSOR_DEFINITIONS = (
					"DEBUG=1",
					"$(inherited)",
				);
				GCC_SYMBOLS_PRIVATE_EXTERN = NO;
				GCC_WARN_64_TO_32_BIT_CONVERSION = YES;
				GCC_WARN_ABOUT_RETURN_TYPE = YES_ERROR;
				GCC_WARN_UNDECLARED_SELECTOR = YES;
				GCC_WARN_UNINITIALIZED_AUTOS = YES_AGGRESSIVE;
				GCC_WARN_UNUSED_FUNCTION = YES;
				GCC_WARN_UNUSED_VARIABLE = YES;
				IPHONEOS_DEPLOYMENT_TARGET = 8.1;
				MTL_ENABLE_DEBUG_INFO = YES;
				ONLY_ACTIVE_ARCH = YES;
				SDKROOT = iphoneos;
				TARGETED_DEVICE_FAMILY = "1,2";
			};
			name = Debug;
		};
		4B5C8A7A1A69EC100020E5B5 /* Release */ = {
			isa = XCBuildConfiguration;
			buildSettings = {
				ALWAYS_SEARCH_USER_PATHS = NO;
				CLANG_CXX_LANGUAGE_STANDARD = "gnu++0x";
				CLANG_CXX_LIBRARY = "libc++";
				CLANG_ENABLE_MODULES = YES;
				CLANG_ENABLE_OBJC_ARC = YES;
				CLANG_WARN_BOOL_CONVERSION = YES;
				CLANG_WARN_CONSTANT_CONVERSION = YES;
				CLANG_WARN_DIRECT_OBJC_ISA_USAGE = YES_ERROR;
				CLANG_WARN_EMPTY_BODY = YES;
				CLANG_WARN_ENUM_CONVERSION = YES;
				CLANG_WARN_INT_CONVERSION = YES;
				CLANG_WARN_OBJC_ROOT_CLASS = YES_ERROR;
				CLANG_WARN_UNREACHABLE_CODE = YES;
				CLANG_WARN__DUPLICATE_METHOD_MATCH = YES;
				"CODE_SIGN_IDENTITY[sdk=iphoneos*]" = "iPhone Developer";
				COPY_PHASE_STRIP = YES;
				ENABLE_NS_ASSERTIONS = NO;
				ENABLE_STRICT_OBJC_MSGSEND = YES;
				GCC_C_LANGUAGE_STANDARD = gnu99;
				GCC_WARN_64_TO_32_BIT_CONVERSION = YES;
				GCC_WARN_ABOUT_RETURN_TYPE = YES_ERROR;
				GCC_WARN_UNDECLARED_SELECTOR = YES;
				GCC_WARN_UNINITIALIZED_AUTOS = YES_AGGRESSIVE;
				GCC_WARN_UNUSED_FUNCTION = YES;
				GCC_WARN_UNUSED_VARIABLE = YES;
				IPHONEOS_DEPLOYMENT_TARGET = 8.1;
				MTL_ENABLE_DEBUG_INFO = NO;
				SDKROOT = iphoneos;
				TARGETED_DEVICE_FAMILY = "1,2";
				VALIDATE_PRODUCT = YES;
			};
			name = Release;
		};
		4B5C8A7C1A69EC100020E5B5 /* Debug */ = {
			isa = XCBuildConfiguration;
			baseConfigurationReference = 85E023B036945CA9F3CF3CFD /* Pods.debug.xcconfig */;
			buildSettings = {
				ASSETCATALOG_COMPILER_APPICON_NAME = AppIcon;
				INFOPLIST_FILE = FoodTruckCentral/Info.plist;
				LD_RUNPATH_SEARCH_PATHS = "$(inherited) @executable_path/Frameworks";
				PRODUCT_NAME = "$(TARGET_NAME)";
				TARGETED_DEVICE_FAMILY = 1;
			};
			name = Debug;
		};
		4B5C8A7D1A69EC100020E5B5 /* Release */ = {
			isa = XCBuildConfiguration;
			baseConfigurationReference = 6305D99B7DAC97D4A131A47E /* Pods.release.xcconfig */;
			buildSettings = {
				ASSETCATALOG_COMPILER_APPICON_NAME = AppIcon;
				INFOPLIST_FILE = FoodTruckCentral/Info.plist;
				LD_RUNPATH_SEARCH_PATHS = "$(inherited) @executable_path/Frameworks";
				PRODUCT_NAME = "$(TARGET_NAME)";
				TARGETED_DEVICE_FAMILY = 1;
			};
			name = Release;
		};
		4B5C8A7F1A69EC100020E5B5 /* Debug */ = {
			isa = XCBuildConfiguration;
			buildSettings = {
				BUNDLE_LOADER = "$(TEST_HOST)";
				FRAMEWORK_SEARCH_PATHS = (
					"$(SDKROOT)/Developer/Library/Frameworks",
					"$(inherited)",
				);
				GCC_PREPROCESSOR_DEFINITIONS = (
					"DEBUG=1",
					"$(inherited)",
				);
				INFOPLIST_FILE = FoodTruckCentralTests/Info.plist;
				LD_RUNPATH_SEARCH_PATHS = "$(inherited) @executable_path/Frameworks @loader_path/Frameworks";
				PRODUCT_NAME = "$(TARGET_NAME)";
				TEST_HOST = "$(BUILT_PRODUCTS_DIR)/FoodTruckCentral.app/FoodTruckCentral";
			};
			name = Debug;
		};
		4B5C8A801A69EC100020E5B5 /* Release */ = {
			isa = XCBuildConfiguration;
			buildSettings = {
				BUNDLE_LOADER = "$(TEST_HOST)";
				FRAMEWORK_SEARCH_PATHS = (
					"$(SDKROOT)/Developer/Library/Frameworks",
					"$(inherited)",
				);
				INFOPLIST_FILE = FoodTruckCentralTests/Info.plist;
				LD_RUNPATH_SEARCH_PATHS = "$(inherited) @executable_path/Frameworks @loader_path/Frameworks";
				PRODUCT_NAME = "$(TARGET_NAME)";
				TEST_HOST = "$(BUILT_PRODUCTS_DIR)/FoodTruckCentral.app/FoodTruckCentral";
			};
			name = Release;
		};
/* End XCBuildConfiguration section */

/* Begin XCConfigurationList section */
		4B5C8A531A69EC100020E5B5 /* Build configuration list for PBXProject "FoodTruckCentral" */ = {
			isa = XCConfigurationList;
			buildConfigurations = (
				4B5C8A791A69EC100020E5B5 /* Debug */,
				4B5C8A7A1A69EC100020E5B5 /* Release */,
			);
			defaultConfigurationIsVisible = 0;
			defaultConfigurationName = Release;
		};
		4B5C8A7B1A69EC100020E5B5 /* Build configuration list for PBXNativeTarget "FoodTruckCentral" */ = {
			isa = XCConfigurationList;
			buildConfigurations = (
				4B5C8A7C1A69EC100020E5B5 /* Debug */,
				4B5C8A7D1A69EC100020E5B5 /* Release */,
			);
			defaultConfigurationIsVisible = 0;
			defaultConfigurationName = Release;
		};
		4B5C8A7E1A69EC100020E5B5 /* Build configuration list for PBXNativeTarget "FoodTruckCentralTests" */ = {
			isa = XCConfigurationList;
			buildConfigurations = (
				4B5C8A7F1A69EC100020E5B5 /* Debug */,
				4B5C8A801A69EC100020E5B5 /* Release */,
			);
			defaultConfigurationIsVisible = 0;
			defaultConfigurationName = Release;
		};
/* End XCConfigurationList section */
	};
	rootObject = 4B5C8A501A69EC100020E5B5 /* Project object */;
}
